
Microsoft Visual Studio Solution File, Format Version 12.00
# Visual Studio Version 17
VisualStudioVersion = 17.1.32421.90
MinimumVisualStudioVersion = 10.0.40219.1
Project("{FAE04EC0-301F-11D3-BF4B-00C04F79EFBC}") = "triangulare", "triangulare.csproj", "{3A67A900-5606-45E5-9E02-6D2E1A29F38F}"
EndProject
Global
	GlobalSection(SolutionConfigurationPlatforms) = preSolution
		Debug|Any CPU = Debug|Any CPU
		Release|Any CPU = Release|Any CPU
	EndGlobalSection
	GlobalSection(ProjectConfigurationPlatforms) = postSolution
		{3A67A900-5606-45E5-9E02-6D2E1A29F38F}.Debug|Any CPU.ActiveCfg = Debug|Any CPU
		{3A67A900-5606-45E5-9E02-6D2E1A29F38F}.Debug|Any CPU.Build.0 = Debug|Any CPU
		{3A67A900-5606-45E5-9E02-6D2E1A29F38F}.Release|Any CPU.ActiveCfg = Release|Any CPU
		{3A67A900-5606-45E5-9E02-6D2E1A29F38F}.Release|Any CPU.Build.0 = Release|Any CPU
	EndGlobalSection
	GlobalSection(SolutionProperties) = preSolution
		HideSolutionNode = FALSE
	EndGlobalSection
	GlobalSection(ExtensibilityGlobals) = postSolution
		SolutionGuid = {6C2D293C-0A4E-4346-87F1-5CF628825650}
	EndGlobalSection
EndGlobal
