
Microsoft Visual Studio Solution File, Format Version 12.00
# Visual Studio Version 17
VisualStudioVersion = 17.2.32526.322
MinimumVisualStudioVersion = 10.0.40219.1
Project("{FAE04EC0-301F-11D3-BF4B-00C04F79EFBC}") = "Partitionare_Poligon", "Partitionare_Poligon.csproj", "{8B67D671-6BD1-4C9B-B0C0-27FB1BC59C77}"
EndProject
Global
	GlobalSection(SolutionConfigurationPlatforms) = preSolution
		Debug|Any CPU = Debug|Any CPU
		Release|Any CPU = Release|Any CPU
	EndGlobalSection
	GlobalSection(ProjectConfigurationPlatforms) = postSolution
		{8B67D671-6BD1-4C9B-B0C0-27FB1BC59C77}.Debug|Any CPU.ActiveCfg = Debug|Any CPU
		{8B67D671-6BD1-4C9B-B0C0-27FB1BC59C77}.Debug|Any CPU.Build.0 = Debug|Any CPU
		{8B67D671-6BD1-4C9B-B0C0-27FB1BC59C77}.Release|Any CPU.ActiveCfg = Release|Any CPU
		{8B67D671-6BD1-4C9B-B0C0-27FB1BC59C77}.Release|Any CPU.Build.0 = Release|Any CPU
	EndGlobalSection
	GlobalSection(SolutionProperties) = preSolution
		HideSolutionNode = FALSE
	EndGlobalSection
	GlobalSection(ExtensibilityGlobals) = postSolution
		SolutionGuid = {4BC52BBD-CCC1-4B05-9C06-38506BB2A7EC}
	EndGlobalSection
EndGlobal
